
Microsoft Visual Studio Solution File, Format Version 12.00
# Visual Studio Version 17
VisualStudioVersion = 17.6.33829.357
MinimumVisualStudioVersion = 10.0.40219.1
Project("{9A19103F-16F7-4668-BE54-9A1E7A4F7556}") = "SolarWatch2Async", "SolarWatch2Async.csproj", "{5AA11F8B-564A-41DA-A993-18D7CE4F2DE7}"
EndProject
Project("{FAE04EC0-301F-11D3-BF4B-00C04F79EFBC}") = "SolarWatch2AsyncTest", "..\SolarWatch2AsyncTest\SolarWatch2AsyncTest.csproj", "{A5534E59-88D3-44D4-834D-DC8EDAD2ABD5}"
EndProject
Global
	GlobalSection(SolutionConfigurationPlatforms) = preSolution
		Debug|Any CPU = Debug|Any CPU
		Release|Any CPU = Release|Any CPU
	EndGlobalSection
	GlobalSection(ProjectConfigurationPlatforms) = postSolution
		{5AA11F8B-564A-41DA-A993-18D7CE4F2DE7}.Debug|Any CPU.ActiveCfg = Debug|Any CPU
		{5AA11F8B-564A-41DA-A993-18D7CE4F2DE7}.Debug|Any CPU.Build.0 = Debug|Any CPU
		{5AA11F8B-564A-41DA-A993-18D7CE4F2DE7}.Release|Any CPU.ActiveCfg = Release|Any CPU
		{5AA11F8B-564A-41DA-A993-18D7CE4F2DE7}.Release|Any CPU.Build.0 = Release|Any CPU
		{A5534E59-88D3-44D4-834D-DC8EDAD2ABD5}.Debug|Any CPU.ActiveCfg = Debug|Any CPU
		{A5534E59-88D3-44D4-834D-DC8EDAD2ABD5}.Debug|Any CPU.Build.0 = Debug|Any CPU
		{A5534E59-88D3-44D4-834D-DC8EDAD2ABD5}.Release|Any CPU.ActiveCfg = Release|Any CPU
		{A5534E59-88D3-44D4-834D-DC8EDAD2ABD5}.Release|Any CPU.Build.0 = Release|Any CPU
	EndGlobalSection
	GlobalSection(SolutionProperties) = preSolution
		HideSolutionNode = FALSE
	EndGlobalSection
	GlobalSection(ExtensibilityGlobals) = postSolution
		SolutionGuid = {7E465FD4-BFD5-4B50-97AB-C71ED8AD64D5}
	EndGlobalSection
EndGlobal
